
Microsoft Visual Studio Solution File, Format Version 12.00
# Visual Studio 15
VisualStudioVersion = 15.0.28307.1062
MinimumVisualStudioVersion = 10.0.40219.1
Project("{FAE04EC0-301F-11D3-BF4B-00C04F79EFBC}") = "MVCSecurityDemo", "MVCSecurityDemo\MVCSecurityDemo.csproj", "{874ABD5C-B30B-4246-883E-CD3AF0FBC092}"
EndProject
Global
	GlobalSection(SolutionConfigurationPlatforms) = preSolution
		Debug|Any CPU = Debug|Any CPU
		Release|Any CPU = Release|Any CPU
	EndGlobalSection
	GlobalSection(ProjectConfigurationPlatforms) = postSolution
		{874ABD5C-B30B-4246-883E-CD3AF0FBC092}.Debug|Any CPU.ActiveCfg = Debug|Any CPU
		{874ABD5C-B30B-4246-883E-CD3AF0FBC092}.Debug|Any CPU.Build.0 = Debug|Any CPU
		{874ABD5C-B30B-4246-883E-CD3AF0FBC092}.Release|Any CPU.ActiveCfg = Release|Any CPU
		{874ABD5C-B30B-4246-883E-CD3AF0FBC092}.Release|Any CPU.Build.0 = Release|Any CPU
	EndGlobalSection
	GlobalSection(SolutionProperties) = preSolution
		HideSolutionNode = FALSE
	EndGlobalSection
	GlobalSection(ExtensibilityGlobals) = postSolution
		SolutionGuid = {BE0DF89D-92AA-423C-AB3F-F05E75F62F91}
	EndGlobalSection
EndGlobal
